Microsoft Visual Studio Solution File, Format Version 11.00
# Visual Studio 2008

Project("{D653E1BF-BAE4-2244-92F5-CF780E42A42F}") = "Hackorz", "Assembly-CSharp-Editor.csproj", "{0C71A126-15C7-6540-7B58-D316394FA9F0}"
EndProject
Global
	GlobalSection(SolutionConfigurationPlatforms) = preSolution
		Debug|Any CPU = Debug|Any CPU
		Release|Any CPU = Release|Any CPU
	EndGlobalSection
	GlobalSection(ProjectConfigurationPlatforms) = postSolution
		{0C71A126-15C7-6540-7B58-D316394FA9F0}.Debug|Any CPU.ActiveCfg = Debug|Any CPU
		{0C71A126-15C7-6540-7B58-D316394FA9F0}.Debug|Any CPU.Build.0 = Debug|Any CPU
		{0C71A126-15C7-6540-7B58-D316394FA9F0}.Release|Any CPU.ActiveCfg = Release|Any CPU
		{0C71A126-15C7-6540-7B58-D316394FA9F0}.Release|Any CPU.Build.0 = Release|Any CPU
	EndGlobalSection
	GlobalSection(SolutionProperties) = preSolution
		HideSolutionNode = FALSE
	EndGlobalSection
	GlobalSection(MonoDevelopProperties) = preSolution
		StartupItem = Assembly-CSharp.csproj
	EndGlobalSection
EndGlobal
